
Microsoft Visual Studio Solution File, Format Version 12.00
# Visual Studio Version 17
VisualStudioVersion = 17.3.32825.248
MinimumVisualStudioVersion = 10.0.40219.1
Project("{9A19103F-16F7-4668-BE54-9A1E7A4F7556}") = "CT", "CT\CT.csproj", "{C547FD85-53A3-4414-BFB0-C2AD67197A56}"
EndProject
Project("{9A19103F-16F7-4668-BE54-9A1E7A4F7556}") = "CT.DAL", "CT.DAL\CT.DAL.csproj", "{5E79882B-DBF7-4F71-A42E-B27E1C492BEF}"
EndProject
Project("{9A19103F-16F7-4668-BE54-9A1E7A4F7556}") = "CT.BUS", "CT.BUS\CT.BUS.csproj", "{613DDD78-52A0-4218-BD8D-C925F5C5CA5D}"
EndProject
Project("{9A19103F-16F7-4668-BE54-9A1E7A4F7556}") = "CT.MOD", "CT.MOD\CT.MOD.csproj", "{38B8A262-CD83-400D-B1B7-0817B1EAB771}"
EndProject
Project("{FAE04EC0-301F-11D3-BF4B-00C04F79EFBC}") = "CT.ULT", "CT.ULT\CT.ULT.csproj", "{B31AE665-6922-4D8C-A353-5032B29B4B4C}"
EndProject
Global
	GlobalSection(SolutionConfigurationPlatforms) = preSolution
		Debug|Any CPU = Debug|Any CPU
		Release|Any CPU = Release|Any CPU
	EndGlobalSection
	GlobalSection(ProjectConfigurationPlatforms) = postSolution
		{C547FD85-53A3-4414-BFB0-C2AD67197A56}.Debug|Any CPU.ActiveCfg = Debug|Any CPU
		{C547FD85-53A3-4414-BFB0-C2AD67197A56}.Debug|Any CPU.Build.0 = Debug|Any CPU
		{C547FD85-53A3-4414-BFB0-C2AD67197A56}.Release|Any CPU.ActiveCfg = Release|Any CPU
		{C547FD85-53A3-4414-BFB0-C2AD67197A56}.Release|Any CPU.Build.0 = Release|Any CPU
		{5E79882B-DBF7-4F71-A42E-B27E1C492BEF}.Debug|Any CPU.ActiveCfg = Debug|Any CPU
		{5E79882B-DBF7-4F71-A42E-B27E1C492BEF}.Debug|Any CPU.Build.0 = Debug|Any CPU
		{5E79882B-DBF7-4F71-A42E-B27E1C492BEF}.Release|Any CPU.ActiveCfg = Release|Any CPU
		{5E79882B-DBF7-4F71-A42E-B27E1C492BEF}.Release|Any CPU.Build.0 = Release|Any CPU
		{613DDD78-52A0-4218-BD8D-C925F5C5CA5D}.Debug|Any CPU.ActiveCfg = Debug|Any CPU
		{613DDD78-52A0-4218-BD8D-C925F5C5CA5D}.Debug|Any CPU.Build.0 = Debug|Any CPU
		{613DDD78-52A0-4218-BD8D-C925F5C5CA5D}.Release|Any CPU.ActiveCfg = Release|Any CPU
		{613DDD78-52A0-4218-BD8D-C925F5C5CA5D}.Release|Any CPU.Build.0 = Release|Any CPU
		{38B8A262-CD83-400D-B1B7-0817B1EAB771}.Debug|Any CPU.ActiveCfg = Debug|Any CPU
		{38B8A262-CD83-400D-B1B7-0817B1EAB771}.Debug|Any CPU.Build.0 = Debug|Any CPU
		{38B8A262-CD83-400D-B1B7-0817B1EAB771}.Release|Any CPU.ActiveCfg = Release|Any CPU
		{38B8A262-CD83-400D-B1B7-0817B1EAB771}.Release|Any CPU.Build.0 = Release|Any CPU
		{B31AE665-6922-4D8C-A353-5032B29B4B4C}.Debug|Any CPU.ActiveCfg = Debug|Any CPU
		{B31AE665-6922-4D8C-A353-5032B29B4B4C}.Debug|Any CPU.Build.0 = Debug|Any CPU
		{B31AE665-6922-4D8C-A353-5032B29B4B4C}.Release|Any CPU.ActiveCfg = Release|Any CPU
		{B31AE665-6922-4D8C-A353-5032B29B4B4C}.Release|Any CPU.Build.0 = Release|Any CPU
	EndGlobalSection
	GlobalSection(SolutionProperties) = preSolution
		HideSolutionNode = FALSE
	EndGlobalSection
	GlobalSection(ExtensibilityGlobals) = postSolution
		SolutionGuid = {FCF6862C-FDAC-41BF-947F-5ED9B0D26FDA}
	EndGlobalSection
EndGlobal
